
Microsoft Visual Studio Solution File, Format Version 12.00
# Visual Studio Version 17
VisualStudioVersion = 17.11.35303.130
MinimumVisualStudioVersion = 10.0.40219.1
Project("{FAE04EC0-301F-11D3-BF4B-00C04F79EFBC}") = "ECS", "ECS\ECS.csproj", "{15B865DF-CADF-444F-BF0E-B0337F7C3E7A}"
EndProject
Global
	GlobalSection(SolutionConfigurationPlatforms) = preSolution
		Debug|Any CPU = Debug|Any CPU
		Release|Any CPU = Release|Any CPU
	EndGlobalSection
	GlobalSection(ProjectConfigurationPlatforms) = postSolution
		{15B865DF-CADF-444F-BF0E-B0337F7C3E7A}.Debug|Any CPU.ActiveCfg = Debug|Any CPU
		{15B865DF-CADF-444F-BF0E-B0337F7C3E7A}.Debug|Any CPU.Build.0 = Debug|Any CPU
		{15B865DF-CADF-444F-BF0E-B0337F7C3E7A}.Release|Any CPU.ActiveCfg = Release|Any CPU
		{15B865DF-CADF-444F-BF0E-B0337F7C3E7A}.Release|Any CPU.Build.0 = Release|Any CPU
	EndGlobalSection
	GlobalSection(SolutionProperties) = preSolution
		HideSolutionNode = FALSE
	EndGlobalSection
	GlobalSection(ExtensibilityGlobals) = postSolution
		SolutionGuid = {EDAC2A04-61A7-4D30-A767-9BDD16D1762C}
	EndGlobalSection
EndGlobal
